<?xml version="1.0" encoding="utf-8"?>
<Project ToolsVersion="4.0" xmlns="http://schemas.microsoft.com/developer/msbuild/2003">
  <ItemGroup>
    <Filter Include="Source Files">
      <UniqueIdentifier>{4FC737F1-C7A5-4376-A066-2A32D752A2FF}</UniqueIdentifier>
      <Extensions>cpp;c;cc;cxx;def;odl;idl;hpj;bat;asm;asmx</Extensions>
    </Filter>
    <Filter Include="Header Files">
      <UniqueIdentifier>{93995380-89BD-4b04-88EB-625FBE52EBFB}</UniqueIdentifier>
      <Extensions>h;hh;hpp;hxx;hm;inl;inc;xsd</Extensions>
    </Filter>
    <Filter Include="Resource Files">
      <UniqueIdentifier>{67DA6AB6-F800-4c08-8B7A-83BB121AAD01}</UniqueIdentifier>
      <Extensions>rc;ico;cur;bmp;dlg;rc2;rct;bin;rgs;gif;jpg;jpeg;jpe;resx;tiff;tif;png;wav;mfcribbon-ms</Extensions>
    </Filter>
    <Filter Include="Resource Files\shaders">
      <UniqueIdentifier>{f7a1257c-7457-410c-b4ee-23d42e2ee1b0}</UniqueIdentifier>
    </Filter>
    <Filter Include="Resource Files\signs">
      <UniqueIdentifier>{676f2f4d-882e-4f36-8045-0185bd42bbd9}</UniqueIdentifier>
    </Filter>
  </ItemGroup>
  <ItemGroup>
    <ClCompile Include="main.cpp">
      <Filter>Source Files</Filter>
    </ClCompile>
    <ClCompile Include="OptionsManager.cpp">
      <Filter>Source Files</Filter>
    </ClCompile>
    <ClCompile Include="ImgProcessor.cpp">
      <Filter>Source Files</Filter>
    </ClCompile>
    <ClCompile Include="FeatureLibrary.cpp">
      <Filter>Source Files</Filter>
    </ClCompile>
    <ClCompile Include="GLAccelerator.cpp">
      <Filter>Source Files</Filter>
    </ClCompile>
  </ItemGroup>
  <ItemGroup>
    <ClInclude Include="OptionsManager.h">
      <Filter>Header Files</Filter>
    </ClInclude>
    <ClInclude Include="ImgProcessor.h">
      <Filter>Header Files</Filter>
    </ClInclude>
    <ClInclude Include="FeatureLibrary.h">
      <Filter>Header Files</Filter>
    </ClInclude>
    <ClInclude Include="GLAccelerator.h">
      <Filter>Header Files</Filter>
    </ClInclude>
  </ItemGroup>
  <ItemGroup>
    <Image Include="resources\signs\left.jpg">
      <Filter>Resource Files\signs</Filter>
    </Image>
    <Image Include="resources\signs\left_64.jpg">
      <Filter>Resource Files\signs</Filter>
    </Image>
    <Image Include="resources\signs\right.jpg">
      <Filter>Resource Files\signs</Filter>
    </Image>
    <Image Include="resources\signs\right_64.jpg">
      <Filter>Resource Files\signs</Filter>
    </Image>
    <Image Include="resources\signs\stop.jpg">
      <Filter>Resource Files\signs</Filter>
    </Image>
    <Image Include="resources\signs\stop_64.jpg">
      <Filter>Resource Files\signs</Filter>
    </Image>
    <Image Include="resources\signs\straight.jpg">
      <Filter>Resource Files\signs</Filter>
    </Image>
    <Image Include="resources\signs\straight_64.jpg">
      <Filter>Resource Files\signs</Filter>
    </Image>
    <Image Include="resources\signs\uturn.jpg">
      <Filter>Resource Files\signs</Filter>
    </Image>
    <Image Include="resources\signs\uturn_64.jpg">
      <Filter>Resource Files\signs</Filter>
    </Image>
  </ItemGroup>
  <ItemGroup>
    <None Include="resources\shaders\vert.glsl">
      <Filter>Resource Files\shaders</Filter>
    </None>
    <None Include="resources\shaders\cc.glsl">
      <Filter>Resource Files\shaders</Filter>
    </None>
    <None Include="resources\shaders\thresh.glsl" />
  </ItemGroup>
</Project>